
Microsoft Visual Studio Solution File, Format Version 12.00
# Visual Studio Version 17
VisualStudioVersion = 17.3.32811.315
MinimumVisualStudioVersion = 10.0.40219.1
Project("{FAE04EC0-301F-11D3-BF4B-00C04F79EFBC}") = "Mutanti", "Mutanti\Mutanti.csproj", "{2427FBA7-542E-42A0-9F5A-38B011ACBCC5}"
EndProject
Global
	GlobalSection(SolutionConfigurationPlatforms) = preSolution
		Debug|Any CPU = Debug|Any CPU
		Release|Any CPU = Release|Any CPU
	EndGlobalSection
	GlobalSection(ProjectConfigurationPlatforms) = postSolution
		{2427FBA7-542E-42A0-9F5A-38B011ACBCC5}.Debug|Any CPU.ActiveCfg = Debug|Any CPU
		{2427FBA7-542E-42A0-9F5A-38B011ACBCC5}.Debug|Any CPU.Build.0 = Debug|Any CPU
		{2427FBA7-542E-42A0-9F5A-38B011ACBCC5}.Release|Any CPU.ActiveCfg = Release|Any CPU
		{2427FBA7-542E-42A0-9F5A-38B011ACBCC5}.Release|Any CPU.Build.0 = Release|Any CPU
	EndGlobalSection
	GlobalSection(SolutionProperties) = preSolution
		HideSolutionNode = FALSE
	EndGlobalSection
	GlobalSection(ExtensibilityGlobals) = postSolution
		SolutionGuid = {9425DC04-A739-475B-831F-51AD51837D5C}
	EndGlobalSection
EndGlobal
