
Microsoft Visual Studio Solution File, Format Version 12.00
# Visual Studio Version 17
VisualStudioVersion = 17.3.32811.315
MinimumVisualStudioVersion = 10.0.40219.1
Project("{FAE04EC0-301F-11D3-BF4B-00C04F79EFBC}") = "IgraKarte", "IgraKarte\IgraKarte.csproj", "{29682A0C-3339-46A8-A816-6661464EDDA0}"
EndProject
Global
	GlobalSection(SolutionConfigurationPlatforms) = preSolution
		Debug|Any CPU = Debug|Any CPU
		Release|Any CPU = Release|Any CPU
	EndGlobalSection
	GlobalSection(ProjectConfigurationPlatforms) = postSolution
		{29682A0C-3339-46A8-A816-6661464EDDA0}.Debug|Any CPU.ActiveCfg = Debug|Any CPU
		{29682A0C-3339-46A8-A816-6661464EDDA0}.Debug|Any CPU.Build.0 = Debug|Any CPU
		{29682A0C-3339-46A8-A816-6661464EDDA0}.Release|Any CPU.ActiveCfg = Release|Any CPU
		{29682A0C-3339-46A8-A816-6661464EDDA0}.Release|Any CPU.Build.0 = Release|Any CPU
	EndGlobalSection
	GlobalSection(SolutionProperties) = preSolution
		HideSolutionNode = FALSE
	EndGlobalSection
	GlobalSection(ExtensibilityGlobals) = postSolution
		SolutionGuid = {0F8D055E-9F13-4822-9E78-3B893ACF53FB}
	EndGlobalSection
EndGlobal
