
Microsoft Visual Studio Solution File, Format Version 12.00
# Visual Studio Version 17
VisualStudioVersion = 17.3.32811.315
MinimumVisualStudioVersion = 10.0.40219.1
Project("{FAE04EC0-301F-11D3-BF4B-00C04F79EFBC}") = "ConsoleApp1", "ConsoleApp1\ConsoleApp1.csproj", "{ED364E0D-A6E6-4E11-A7A1-2C8245C8FED5}"
EndProject
Global
	GlobalSection(SolutionConfigurationPlatforms) = preSolution
		Debug|Any CPU = Debug|Any CPU
		Release|Any CPU = Release|Any CPU
	EndGlobalSection
	GlobalSection(ProjectConfigurationPlatforms) = postSolution
		{ED364E0D-A6E6-4E11-A7A1-2C8245C8FED5}.Debug|Any CPU.ActiveCfg = Debug|Any CPU
		{ED364E0D-A6E6-4E11-A7A1-2C8245C8FED5}.Debug|Any CPU.Build.0 = Debug|Any CPU
		{ED364E0D-A6E6-4E11-A7A1-2C8245C8FED5}.Release|Any CPU.ActiveCfg = Release|Any CPU
		{ED364E0D-A6E6-4E11-A7A1-2C8245C8FED5}.Release|Any CPU.Build.0 = Release|Any CPU
	EndGlobalSection
	GlobalSection(SolutionProperties) = preSolution
		HideSolutionNode = FALSE
	EndGlobalSection
	GlobalSection(ExtensibilityGlobals) = postSolution
		SolutionGuid = {A7C1B3C1-C893-49AC-A2D1-AFF27D51AD57}
	EndGlobalSection
EndGlobal
