
Microsoft Visual Studio Solution File, Format Version 12.00
# Visual Studio Version 17
VisualStudioVersion = 17.3.32811.315
MinimumVisualStudioVersion = 10.0.40219.1
Project("{FAE04EC0-301F-11D3-BF4B-00C04F79EFBC}") = "RazredPravokotnik", "RazredPravokotnik\RazredPravokotnik.csproj", "{73BBC4D7-4F78-4A3D-86EF-08B0C0D9AB2E}"
EndProject
Global
	GlobalSection(SolutionConfigurationPlatforms) = preSolution
		Debug|Any CPU = Debug|Any CPU
		Release|Any CPU = Release|Any CPU
	EndGlobalSection
	GlobalSection(ProjectConfigurationPlatforms) = postSolution
		{73BBC4D7-4F78-4A3D-86EF-08B0C0D9AB2E}.Debug|Any CPU.ActiveCfg = Debug|Any CPU
		{73BBC4D7-4F78-4A3D-86EF-08B0C0D9AB2E}.Debug|Any CPU.Build.0 = Debug|Any CPU
		{73BBC4D7-4F78-4A3D-86EF-08B0C0D9AB2E}.Release|Any CPU.ActiveCfg = Release|Any CPU
		{73BBC4D7-4F78-4A3D-86EF-08B0C0D9AB2E}.Release|Any CPU.Build.0 = Release|Any CPU
	EndGlobalSection
	GlobalSection(SolutionProperties) = preSolution
		HideSolutionNode = FALSE
	EndGlobalSection
	GlobalSection(ExtensibilityGlobals) = postSolution
		SolutionGuid = {990C02BC-45C5-47BC-9531-49D9EF8F59BD}
	EndGlobalSection
EndGlobal
